
Microsoft Visual Studio Solution File, Format Version 12.00
# Visual Studio Version 16
VisualStudioVersion = 16.0.30907.101
MinimumVisualStudioVersion = 10.0.40219.1
Project("{FAE04EC0-301F-11D3-BF4B-00C04F79EFBC}") = "DaxConnector", "DaxConnector\DaxConnector.csproj", "{B16FCCB7-DF22-4628-8EB7-B1335953E253}"
EndProject
Project("{FAE04EC0-301F-11D3-BF4B-00C04F79EFBC}") = "DaxTest", "DaxTest\DaxTest.csproj", "{D883B332-2CD1-4788-BBBB-B72EC7F741A8}"
EndProject
Global
	GlobalSection(SolutionConfigurationPlatforms) = preSolution
		Debug|Any CPU = Debug|Any CPU
		Release|Any CPU = Release|Any CPU
	EndGlobalSection
	GlobalSection(ProjectConfigurationPlatforms) = postSolution
		{B16FCCB7-DF22-4628-8EB7-B1335953E253}.Debug|Any CPU.ActiveCfg = Debug|Any CPU
		{B16FCCB7-DF22-4628-8EB7-B1335953E253}.Debug|Any CPU.Build.0 = Debug|Any CPU
		{B16FCCB7-DF22-4628-8EB7-B1335953E253}.Release|Any CPU.ActiveCfg = Release|Any CPU
		{B16FCCB7-DF22-4628-8EB7-B1335953E253}.Release|Any CPU.Build.0 = Release|Any CPU
		{D883B332-2CD1-4788-BBBB-B72EC7F741A8}.Debug|Any CPU.ActiveCfg = Debug|Any CPU
		{D883B332-2CD1-4788-BBBB-B72EC7F741A8}.Debug|Any CPU.Build.0 = Debug|Any CPU
		{D883B332-2CD1-4788-BBBB-B72EC7F741A8}.Release|Any CPU.ActiveCfg = Release|Any CPU
		{D883B332-2CD1-4788-BBBB-B72EC7F741A8}.Release|Any CPU.Build.0 = Release|Any CPU
	EndGlobalSection
	GlobalSection(SolutionProperties) = preSolution
		HideSolutionNode = FALSE
	EndGlobalSection
	GlobalSection(ExtensibilityGlobals) = postSolution
		SolutionGuid = {C3B1E2E1-3388-4BA5-AF66-2B4B210998D0}
	EndGlobalSection
EndGlobal
